
Microsoft Visual Studio Solution File, Format Version 12.00
# Visual Studio 15
VisualStudioVersion = 15.0.26124.0
MinimumVisualStudioVersion = 15.0.26124.0
Project("{2150E333-8FDC-42A3-9474-1A3956D46DE8}") = "src", "src", "{9E892FBB-74FD-464B-8939-6E4D9D70D99D}"
EndProject
Project("{2150E333-8FDC-42A3-9474-1A3956D46DE8}") = "tests", "tests", "{152E856C-48EA-42A1-A5F4-960819BEC170}"
EndProject
Project("{2150E333-8FDC-42A3-9474-1A3956D46DE8}") = "samples", "samples", "{34A76D42-035A-4CD1-85B2-EC01D9CE3571}"
EndProject
Project("{2150E333-8FDC-42A3-9474-1A3956D46DE8}") = "_misc", "_misc", "{CE10552A-F0F8-4C51-9CCF-4B0F160351E8}"
	ProjectSection(SolutionItems) = preProject
		giraffe-64x64.png = giraffe-64x64.png
		giraffe.png = giraffe.png
		jmeter-load-test.jmx = jmeter-load-test.jmx
	EndProjectSection
EndProject
Project("{2150E333-8FDC-42A3-9474-1A3956D46DE8}") = "_docs", "_docs", "{39555F35-F514-4521-A3CC-1CFF95ED581E}"
	ProjectSection(SolutionItems) = preProject
		DOCUMENTATION.md = DOCUMENTATION.md
		LICENSE = LICENSE
		README.md = README.md
		RELEASE_NOTES.md = RELEASE_NOTES.md
	EndProjectSection
EndProject
Project("{2150E333-8FDC-42A3-9474-1A3956D46DE8}") = "_build", "_build", "{8F5B7963-8206-47B1-AD19-900229E2FBF5}"
	ProjectSection(SolutionItems) = preProject
		appveyor.yml = appveyor.yml
		build.ps1 = build.ps1
		build.sh = build.sh
		global.json = global.json
		NuGet.config = NuGet.config
	EndProjectSection
EndProject
Project("{2150E333-8FDC-42A3-9474-1A3956D46DE8}") = "SampleApp", "SampleApp", "{E3500770-59F9-4526-9FFA-73E725C0008F}"
EndProject
Project("{2150E333-8FDC-42A3-9474-1A3956D46DE8}") = "JwtApp", "JwtApp", "{8AC0E934-6177-4D6D-9520-6E0931E527B9}"
EndProject
Project("{2150E333-8FDC-42A3-9474-1A3956D46DE8}") = "IdentityApp", "IdentityApp", "{3EE9B6D3-7ED6-43EE-9237-39E069042C65}"
EndProject
Project("{2150E333-8FDC-42A3-9474-1A3956D46DE8}") = "GoogleAuthApp", "GoogleAuthApp", "{53C796EB-20D2-4AF9-AAB9-130150005E21}"
EndProject
Project("{6EC3EE1D-3C4E-46DD-8F32-0CC8E7565705}") = "GoogleAuthApp", "samples\GoogleAuthApp\GoogleAuthApp\GoogleAuthApp.fsproj", "{FE396475-56EA-48AC-87B8-97EF6A66612F}"
EndProject
Project("{6EC3EE1D-3C4E-46DD-8F32-0CC8E7565705}") = "IdentityApp", "samples\IdentityApp\IdentityApp\IdentityApp.fsproj", "{3AAA2ECF-350F-4574-925F-21A909F41F42}"
EndProject
Project("{6EC3EE1D-3C4E-46DD-8F32-0CC8E7565705}") = "JwtApp", "samples\JwtApp\JwtApp\JwtApp.fsproj", "{BCD0E9C4-62AB-45B2-8362-A7AD1E4C03A7}"
EndProject
Project("{6EC3EE1D-3C4E-46DD-8F32-0CC8E7565705}") = "SampleApp", "samples\SampleApp\SampleApp\SampleApp.fsproj", "{61E7381C-C021-4048-A6F3-542E190F0D48}"
EndProject
Project("{6EC3EE1D-3C4E-46DD-8F32-0CC8E7565705}") = "SampleApp.Tests", "samples\SampleApp\SampleApp.Tests\SampleApp.Tests.fsproj", "{A878E197-31F3-4DBB-B8CC-6FBB4A53733E}"
EndProject
Project("{F2A71F9B-5D33-465A-A702-920D77279786}") = "Okapi", "src\Okapi\Okapi.fsproj", "{B8523D48-4CD9-4C56-BC5E-319D14D34F4A}"
EndProject
Project("{F2A71F9B-5D33-465A-A702-920D77279786}") = "Okapi.Benchmarks", "tests\Okapi.Benchmarks\Okapi.Benchmarks.fsproj", "{C0849455-9584-4010-919E-706C0CDDC1FF}"
EndProject
Project("{F2A71F9B-5D33-465A-A702-920D77279786}") = "Okapi.Tests", "tests\Okapi.Tests\Okapi.Tests.fsproj", "{F0122865-1B63-4403-AAA5-38A4BDF5438A}"
EndProject
Global
	GlobalSection(SolutionConfigurationPlatforms) = preSolution
		Debug|Any CPU = Debug|Any CPU
		Debug|x64 = Debug|x64
		Debug|x86 = Debug|x86
		Release|Any CPU = Release|Any CPU
		Release|x64 = Release|x64
		Release|x86 = Release|x86
	EndGlobalSection
	GlobalSection(ProjectConfigurationPlatforms) = postSolution
		{FE396475-56EA-48AC-87B8-97EF6A66612F}.Debug|Any CPU.ActiveCfg = Debug|Any CPU
		{FE396475-56EA-48AC-87B8-97EF6A66612F}.Debug|Any CPU.Build.0 = Debug|Any CPU
		{FE396475-56EA-48AC-87B8-97EF6A66612F}.Debug|x64.ActiveCfg = Debug|Any CPU
		{FE396475-56EA-48AC-87B8-97EF6A66612F}.Debug|x64.Build.0 = Debug|Any CPU
		{FE396475-56EA-48AC-87B8-97EF6A66612F}.Debug|x86.ActiveCfg = Debug|Any CPU
		{FE396475-56EA-48AC-87B8-97EF6A66612F}.Debug|x86.Build.0 = Debug|Any CPU
		{FE396475-56EA-48AC-87B8-97EF6A66612F}.Release|Any CPU.ActiveCfg = Release|Any CPU
		{FE396475-56EA-48AC-87B8-97EF6A66612F}.Release|Any CPU.Build.0 = Release|Any CPU
		{FE396475-56EA-48AC-87B8-97EF6A66612F}.Release|x64.ActiveCfg = Release|Any CPU
		{FE396475-56EA-48AC-87B8-97EF6A66612F}.Release|x64.Build.0 = Release|Any CPU
		{FE396475-56EA-48AC-87B8-97EF6A66612F}.Release|x86.ActiveCfg = Release|Any CPU
		{FE396475-56EA-48AC-87B8-97EF6A66612F}.Release|x86.Build.0 = Release|Any CPU
		{3AAA2ECF-350F-4574-925F-21A909F41F42}.Debug|Any CPU.ActiveCfg = Debug|Any CPU
		{3AAA2ECF-350F-4574-925F-21A909F41F42}.Debug|Any CPU.Build.0 = Debug|Any CPU
		{3AAA2ECF-350F-4574-925F-21A909F41F42}.Debug|x64.ActiveCfg = Debug|Any CPU
		{3AAA2ECF-350F-4574-925F-21A909F41F42}.Debug|x64.Build.0 = Debug|Any CPU
		{3AAA2ECF-350F-4574-925F-21A909F41F42}.Debug|x86.ActiveCfg = Debug|Any CPU
		{3AAA2ECF-350F-4574-925F-21A909F41F42}.Debug|x86.Build.0 = Debug|Any CPU
		{3AAA2ECF-350F-4574-925F-21A909F41F42}.Release|Any CPU.ActiveCfg = Release|Any CPU
		{3AAA2ECF-350F-4574-925F-21A909F41F42}.Release|Any CPU.Build.0 = Release|Any CPU
		{3AAA2ECF-350F-4574-925F-21A909F41F42}.Release|x64.ActiveCfg = Release|Any CPU
		{3AAA2ECF-350F-4574-925F-21A909F41F42}.Release|x64.Build.0 = Release|Any CPU
		{3AAA2ECF-350F-4574-925F-21A909F41F42}.Release|x86.ActiveCfg = Release|Any CPU
		{3AAA2ECF-350F-4574-925F-21A909F41F42}.Release|x86.Build.0 = Release|Any CPU
		{BCD0E9C4-62AB-45B2-8362-A7AD1E4C03A7}.Debug|Any CPU.ActiveCfg = Debug|Any CPU
		{BCD0E9C4-62AB-45B2-8362-A7AD1E4C03A7}.Debug|Any CPU.Build.0 = Debug|Any CPU
		{BCD0E9C4-62AB-45B2-8362-A7AD1E4C03A7}.Debug|x64.ActiveCfg = Debug|Any CPU
		{BCD0E9C4-62AB-45B2-8362-A7AD1E4C03A7}.Debug|x64.Build.0 = Debug|Any CPU
		{BCD0E9C4-62AB-45B2-8362-A7AD1E4C03A7}.Debug|x86.ActiveCfg = Debug|Any CPU
		{BCD0E9C4-62AB-45B2-8362-A7AD1E4C03A7}.Debug|x86.Build.0 = Debug|Any CPU
		{BCD0E9C4-62AB-45B2-8362-A7AD1E4C03A7}.Release|Any CPU.ActiveCfg = Release|Any CPU
		{BCD0E9C4-62AB-45B2-8362-A7AD1E4C03A7}.Release|Any CPU.Build.0 = Release|Any CPU
		{BCD0E9C4-62AB-45B2-8362-A7AD1E4C03A7}.Release|x64.ActiveCfg = Release|Any CPU
		{BCD0E9C4-62AB-45B2-8362-A7AD1E4C03A7}.Release|x64.Build.0 = Release|Any CPU
		{BCD0E9C4-62AB-45B2-8362-A7AD1E4C03A7}.Release|x86.ActiveCfg = Release|Any CPU
		{BCD0E9C4-62AB-45B2-8362-A7AD1E4C03A7}.Release|x86.Build.0 = Release|Any CPU
		{61E7381C-C021-4048-A6F3-542E190F0D48}.Debug|Any CPU.ActiveCfg = Debug|Any CPU
		{61E7381C-C021-4048-A6F3-542E190F0D48}.Debug|Any CPU.Build.0 = Debug|Any CPU
		{61E7381C-C021-4048-A6F3-542E190F0D48}.Debug|x64.ActiveCfg = Debug|Any CPU
		{61E7381C-C021-4048-A6F3-542E190F0D48}.Debug|x64.Build.0 = Debug|Any CPU
		{61E7381C-C021-4048-A6F3-542E190F0D48}.Debug|x86.ActiveCfg = Debug|Any CPU
		{61E7381C-C021-4048-A6F3-542E190F0D48}.Debug|x86.Build.0 = Debug|Any CPU
		{61E7381C-C021-4048-A6F3-542E190F0D48}.Release|Any CPU.ActiveCfg = Release|Any CPU
		{61E7381C-C021-4048-A6F3-542E190F0D48}.Release|Any CPU.Build.0 = Release|Any CPU
		{61E7381C-C021-4048-A6F3-542E190F0D48}.Release|x64.ActiveCfg = Release|Any CPU
		{61E7381C-C021-4048-A6F3-542E190F0D48}.Release|x64.Build.0 = Release|Any CPU
		{61E7381C-C021-4048-A6F3-542E190F0D48}.Release|x86.ActiveCfg = Release|Any CPU
		{61E7381C-C021-4048-A6F3-542E190F0D48}.Release|x86.Build.0 = Release|Any CPU
		{A878E197-31F3-4DBB-B8CC-6FBB4A53733E}.Debug|Any CPU.ActiveCfg = Debug|Any CPU
		{A878E197-31F3-4DBB-B8CC-6FBB4A53733E}.Debug|Any CPU.Build.0 = Debug|Any CPU
		{A878E197-31F3-4DBB-B8CC-6FBB4A53733E}.Debug|x64.ActiveCfg = Debug|Any CPU
		{A878E197-31F3-4DBB-B8CC-6FBB4A53733E}.Debug|x64.Build.0 = Debug|Any CPU
		{A878E197-31F3-4DBB-B8CC-6FBB4A53733E}.Debug|x86.ActiveCfg = Debug|Any CPU
		{A878E197-31F3-4DBB-B8CC-6FBB4A53733E}.Debug|x86.Build.0 = Debug|Any CPU
		{A878E197-31F3-4DBB-B8CC-6FBB4A53733E}.Release|Any CPU.ActiveCfg = Release|Any CPU
		{A878E197-31F3-4DBB-B8CC-6FBB4A53733E}.Release|Any CPU.Build.0 = Release|Any CPU
		{A878E197-31F3-4DBB-B8CC-6FBB4A53733E}.Release|x64.ActiveCfg = Release|Any CPU
		{A878E197-31F3-4DBB-B8CC-6FBB4A53733E}.Release|x64.Build.0 = Release|Any CPU
		{A878E197-31F3-4DBB-B8CC-6FBB4A53733E}.Release|x86.ActiveCfg = Release|Any CPU
		{A878E197-31F3-4DBB-B8CC-6FBB4A53733E}.Release|x86.Build.0 = Release|Any CPU
		{B8523D48-4CD9-4C56-BC5E-319D14D34F4A}.Debug|Any CPU.ActiveCfg = Debug|Any CPU
		{B8523D48-4CD9-4C56-BC5E-319D14D34F4A}.Debug|Any CPU.Build.0 = Debug|Any CPU
		{B8523D48-4CD9-4C56-BC5E-319D14D34F4A}.Debug|x64.ActiveCfg = Debug|Any CPU
		{B8523D48-4CD9-4C56-BC5E-319D14D34F4A}.Debug|x64.Build.0 = Debug|Any CPU
		{B8523D48-4CD9-4C56-BC5E-319D14D34F4A}.Debug|x86.ActiveCfg = Debug|Any CPU
		{B8523D48-4CD9-4C56-BC5E-319D14D34F4A}.Debug|x86.Build.0 = Debug|Any CPU
		{B8523D48-4CD9-4C56-BC5E-319D14D34F4A}.Release|Any CPU.ActiveCfg = Release|Any CPU
		{B8523D48-4CD9-4C56-BC5E-319D14D34F4A}.Release|Any CPU.Build.0 = Release|Any CPU
		{B8523D48-4CD9-4C56-BC5E-319D14D34F4A}.Release|x64.ActiveCfg = Release|Any CPU
		{B8523D48-4CD9-4C56-BC5E-319D14D34F4A}.Release|x64.Build.0 = Release|Any CPU
		{B8523D48-4CD9-4C56-BC5E-319D14D34F4A}.Release|x86.ActiveCfg = Release|Any CPU
		{B8523D48-4CD9-4C56-BC5E-319D14D34F4A}.Release|x86.Build.0 = Release|Any CPU
		{C0849455-9584-4010-919E-706C0CDDC1FF}.Debug|Any CPU.ActiveCfg = Debug|Any CPU
		{C0849455-9584-4010-919E-706C0CDDC1FF}.Debug|Any CPU.Build.0 = Debug|Any CPU
		{C0849455-9584-4010-919E-706C0CDDC1FF}.Debug|x64.ActiveCfg = Debug|Any CPU
		{C0849455-9584-4010-919E-706C0CDDC1FF}.Debug|x64.Build.0 = Debug|Any CPU
		{C0849455-9584-4010-919E-706C0CDDC1FF}.Debug|x86.ActiveCfg = Debug|Any CPU
		{C0849455-9584-4010-919E-706C0CDDC1FF}.Debug|x86.Build.0 = Debug|Any CPU
		{C0849455-9584-4010-919E-706C0CDDC1FF}.Release|Any CPU.ActiveCfg = Release|Any CPU
		{C0849455-9584-4010-919E-706C0CDDC1FF}.Release|Any CPU.Build.0 = Release|Any CPU
		{C0849455-9584-4010-919E-706C0CDDC1FF}.Release|x64.ActiveCfg = Release|Any CPU
		{C0849455-9584-4010-919E-706C0CDDC1FF}.Release|x64.Build.0 = Release|Any CPU
		{C0849455-9584-4010-919E-706C0CDDC1FF}.Release|x86.ActiveCfg = Release|Any CPU
		{C0849455-9584-4010-919E-706C0CDDC1FF}.Release|x86.Build.0 = Release|Any CPU
		{F0122865-1B63-4403-AAA5-38A4BDF5438A}.Debug|Any CPU.ActiveCfg = Debug|Any CPU
		{F0122865-1B63-4403-AAA5-38A4BDF5438A}.Debug|Any CPU.Build.0 = Debug|Any CPU
		{F0122865-1B63-4403-AAA5-38A4BDF5438A}.Debug|x64.ActiveCfg = Debug|Any CPU
		{F0122865-1B63-4403-AAA5-38A4BDF5438A}.Debug|x64.Build.0 = Debug|Any CPU
		{F0122865-1B63-4403-AAA5-38A4BDF5438A}.Debug|x86.ActiveCfg = Debug|Any CPU
		{F0122865-1B63-4403-AAA5-38A4BDF5438A}.Debug|x86.Build.0 = Debug|Any CPU
		{F0122865-1B63-4403-AAA5-38A4BDF5438A}.Release|Any CPU.ActiveCfg = Release|Any CPU
		{F0122865-1B63-4403-AAA5-38A4BDF5438A}.Release|Any CPU.Build.0 = Release|Any CPU
		{F0122865-1B63-4403-AAA5-38A4BDF5438A}.Release|x64.ActiveCfg = Release|Any CPU
		{F0122865-1B63-4403-AAA5-38A4BDF5438A}.Release|x64.Build.0 = Release|Any CPU
		{F0122865-1B63-4403-AAA5-38A4BDF5438A}.Release|x86.ActiveCfg = Release|Any CPU
		{F0122865-1B63-4403-AAA5-38A4BDF5438A}.Release|x86.Build.0 = Release|Any CPU
	EndGlobalSection
	GlobalSection(SolutionProperties) = preSolution
		HideSolutionNode = FALSE
	EndGlobalSection
	GlobalSection(NestedProjects) = preSolution
		{E3500770-59F9-4526-9FFA-73E725C0008F} = {34A76D42-035A-4CD1-85B2-EC01D9CE3571}
		{8AC0E934-6177-4D6D-9520-6E0931E527B9} = {34A76D42-035A-4CD1-85B2-EC01D9CE3571}
		{3EE9B6D3-7ED6-43EE-9237-39E069042C65} = {34A76D42-035A-4CD1-85B2-EC01D9CE3571}
		{53C796EB-20D2-4AF9-AAB9-130150005E21} = {34A76D42-035A-4CD1-85B2-EC01D9CE3571}
		{FE396475-56EA-48AC-87B8-97EF6A66612F} = {53C796EB-20D2-4AF9-AAB9-130150005E21}
		{3AAA2ECF-350F-4574-925F-21A909F41F42} = {3EE9B6D3-7ED6-43EE-9237-39E069042C65}
		{BCD0E9C4-62AB-45B2-8362-A7AD1E4C03A7} = {8AC0E934-6177-4D6D-9520-6E0931E527B9}
		{61E7381C-C021-4048-A6F3-542E190F0D48} = {E3500770-59F9-4526-9FFA-73E725C0008F}
		{A878E197-31F3-4DBB-B8CC-6FBB4A53733E} = {E3500770-59F9-4526-9FFA-73E725C0008F}
		{B8523D48-4CD9-4C56-BC5E-319D14D34F4A} = {9E892FBB-74FD-464B-8939-6E4D9D70D99D}
		{C0849455-9584-4010-919E-706C0CDDC1FF} = {152E856C-48EA-42A1-A5F4-960819BEC170}
		{F0122865-1B63-4403-AAA5-38A4BDF5438A} = {152E856C-48EA-42A1-A5F4-960819BEC170}
	EndGlobalSection
	GlobalSection(ExtensibilityGlobals) = postSolution
		SolutionGuid = {77FFE315-7928-4985-B60D-8009AE1A3805}
	EndGlobalSection
EndGlobal
